Microsoft Visual Studio Solution File, Format Version 12.00
# Visual Studio 2013
VisualStudioVersion = 12.0.21005.1
MinimumVisualStudioVersion = 10.0.40219.1
Project("{8BC9CEB8-8B4A-11D0-8D11-00A0C91BC942}") = "游戏服务器", "服务器组件\GameServer.vcxproj", "{390B89DC-4355-442B-AD09-91F6D9AF32DD}"
EndProject
Project("{8BC9CEB8-8B4A-11D0-8D11-00A0C91BC942}") = "客户端 D3D", "客户端 D3D\GameClient.vcxproj", "{3A34A9AE-B81F-4884-9D1C-316B9B204899}"
EndProject
Project("{8BC9CEB8-8B4A-11D0-8D11-00A0C91BC942}") = "机器人服务", "机器人服务\AndroidService.vcxproj", "{C0BE4366-5724-48CD-95A4-365F0B8FDAB6}"
EndProject
Project("{8BC9CEB8-8B4A-11D0-8D11-00A0C91BC942}") = "控制服务器", "服务器控制\ServerControl.vcxproj", "{E30A6C9B-6B5E-4348-BC0E-67E1A22EEAAF}"
EndProject
Global
	GlobalSection(SolutionConfigurationPlatforms) = preSolution
		Debug_Unicode|Win32 = Debug_Unicode|Win32
		Debug|Win32 = Debug|Win32
		Release_Unicode|Win32 = Release_Unicode|Win32
		Release|Win32 = Release|Win32
	EndGlobalSection
	GlobalSection(ProjectConfigurationPlatforms) = postSolution
		{390B89DC-4355-442B-AD09-91F6D9AF32DD}.Debug_Unicode|Win32.ActiveCfg = Debug_Unicode|Win32
		{390B89DC-4355-442B-AD09-91F6D9AF32DD}.Debug_Unicode|Win32.Build.0 = Debug_Unicode|Win32
		{390B89DC-4355-442B-AD09-91F6D9AF32DD}.Debug|Win32.ActiveCfg = Debug|Win32
		{390B89DC-4355-442B-AD09-91F6D9AF32DD}.Debug|Win32.Build.0 = Debug|Win32
		{390B89DC-4355-442B-AD09-91F6D9AF32DD}.Release_Unicode|Win32.ActiveCfg = Release_Unicode|Win32
		{390B89DC-4355-442B-AD09-91F6D9AF32DD}.Release_Unicode|Win32.Build.0 = Release_Unicode|Win32
		{390B89DC-4355-442B-AD09-91F6D9AF32DD}.Release|Win32.ActiveCfg = Release|Win32
		{390B89DC-4355-442B-AD09-91F6D9AF32DD}.Release|Win32.Build.0 = Release|Win32
		{3A34A9AE-B81F-4884-9D1C-316B9B204899}.Debug_Unicode|Win32.ActiveCfg = Debug_Unicode|Win32
		{3A34A9AE-B81F-4884-9D1C-316B9B204899}.Debug_Unicode|Win32.Build.0 = Debug_Unicode|Win32
		{3A34A9AE-B81F-4884-9D1C-316B9B204899}.Debug|Win32.ActiveCfg = Debug|Win32
		{3A34A9AE-B81F-4884-9D1C-316B9B204899}.Debug|Win32.Build.0 = Debug|Win32
		{3A34A9AE-B81F-4884-9D1C-316B9B204899}.Release_Unicode|Win32.ActiveCfg = Release_Unicode|Win32
		{3A34A9AE-B81F-4884-9D1C-316B9B204899}.Release_Unicode|Win32.Build.0 = Release_Unicode|Win32
		{3A34A9AE-B81F-4884-9D1C-316B9B204899}.Release|Win32.ActiveCfg = Release|Win32
		{3A34A9AE-B81F-4884-9D1C-316B9B204899}.Release|Win32.Build.0 = Release|Win32
		{C0BE4366-5724-48CD-95A4-365F0B8FDAB6}.Debug_Unicode|Win32.ActiveCfg = Debug_Unicode|Win32
		{C0BE4366-5724-48CD-95A4-365F0B8FDAB6}.Debug_Unicode|Win32.Build.0 = Debug_Unicode|Win32
		{C0BE4366-5724-48CD-95A4-365F0B8FDAB6}.Debug|Win32.ActiveCfg = Debug|Win32
		{C0BE4366-5724-48CD-95A4-365F0B8FDAB6}.Debug|Win32.Build.0 = Debug|Win32
		{C0BE4366-5724-48CD-95A4-365F0B8FDAB6}.Release_Unicode|Win32.ActiveCfg = Release_Unicode|Win32
		{C0BE4366-5724-48CD-95A4-365F0B8FDAB6}.Release_Unicode|Win32.Build.0 = Release_Unicode|Win32
		{C0BE4366-5724-48CD-95A4-365F0B8FDAB6}.Release|Win32.ActiveCfg = Release|Win32
		{C0BE4366-5724-48CD-95A4-365F0B8FDAB6}.Release|Win32.Build.0 = Release|Win32
		{E30A6C9B-6B5E-4348-BC0E-67E1A22EEAAF}.Debug_Unicode|Win32.ActiveCfg = Debug_Unicode|Win32
		{E30A6C9B-6B5E-4348-BC0E-67E1A22EEAAF}.Debug_Unicode|Win32.Build.0 = Debug_Unicode|Win32
		{E30A6C9B-6B5E-4348-BC0E-67E1A22EEAAF}.Debug|Win32.ActiveCfg = Debug|Win32
		{E30A6C9B-6B5E-4348-BC0E-67E1A22EEAAF}.Debug|Win32.Build.0 = Debug|Win32
		{E30A6C9B-6B5E-4348-BC0E-67E1A22EEAAF}.Release_Unicode|Win32.ActiveCfg = Release_Unicode|Win32
		{E30A6C9B-6B5E-4348-BC0E-67E1A22EEAAF}.Release_Unicode|Win32.Build.0 = Release_Unicode|Win32
		{E30A6C9B-6B5E-4348-BC0E-67E1A22EEAAF}.Release|Win32.ActiveCfg = Release|Win32
		{E30A6C9B-6B5E-4348-BC0E-67E1A22EEAAF}.Release|Win32.Build.0 = Release|Win32
	EndGlobalSection
	GlobalSection(SolutionProperties) = preSolution
		HideSolutionNode = FALSE
	EndGlobalSection
EndGlobal
